
Microsoft Visual Studio Solution File, Format Version 12.00
# Visual Studio 15
VisualStudioVersion = 15.0.28307.329
MinimumVisualStudioVersion = 10.0.40219.1
Project("{FAE04EC0-301F-11D3-BF4B-00C04F79EFBC}") = "SahteVeri", "SahteVeri.csproj", "{995D2583-69B0-4C30-A942-FBB119150566}"
EndProject
Global
	GlobalSection(SolutionConfigurationPlatforms) = preSolution
		Debug|Any CPU = Debug|Any CPU
		Release|Any CPU = Release|Any CPU
	EndGlobalSection
	GlobalSection(ProjectConfigurationPlatforms) = postSolution
		{995D2583-69B0-4C30-A942-FBB119150566}.Debug|Any CPU.ActiveCfg = Debug|Any CPU
		{995D2583-69B0-4C30-A942-FBB119150566}.Debug|Any CPU.Build.0 = Debug|Any CPU
		{995D2583-69B0-4C30-A942-FBB119150566}.Release|Any CPU.ActiveCfg = Release|Any CPU
		{995D2583-69B0-4C30-A942-FBB119150566}.Release|Any CPU.Build.0 = Release|Any CPU
	EndGlobalSection
	GlobalSection(SolutionProperties) = preSolution
		HideSolutionNode = FALSE
	EndGlobalSection
	GlobalSection(ExtensibilityGlobals) = postSolution
		SolutionGuid = {D8584C58-0B1E-48B7-BF15-EBDDAC3384DC}
	EndGlobalSection
EndGlobal
